<Solution>
  <Project Path="Punto1/Punto1.csproj" Id="173b7aeb-97b2-44b9-8446-2cf99071b9c4" />
  <Project Path="Punto2/Punto2.csproj" Id="4658f860-0659-4003-bff2-5247d8eb074c" />
  <Project Path="Punto3/Punto3.csproj" Id="7b2b1cb9-f33b-41c7-8039-98fb03f26811" />
  <Project Path="Punto4/Punto4.csproj" Id="c4bf578e-31d8-428b-a0a8-fce12581a840" />
</Solution>
