<Solution>
  <Project Path="Punto1/Punto1.csproj" Id="333a686d-d0fe-4e0c-b38d-3b0abbe635c7" />
  <Project Path="Punto2/Punto2.csproj" Id="303e5cbc-d7a2-48f1-b126-7a9a10df959b" />
  <Project Path="Punto3/Punto3.csproj" Id="5387ab6c-f336-4989-aee2-4814897046ce" />
  <Project Path="Punto4/Punto4.csproj" Id="1a8a96fc-d115-495b-b1d3-1dfd53808ab5" />
</Solution>
