<Solution>
  <Project Path="Punto1/Punto1.csproj" Id="9595a12c-2468-4c58-8d91-dff991751423" />
  <Project Path="Punto2/Punto2.csproj" Id="1c55eac6-89dd-48ec-96e0-7a0952f22d9b" />
  <Project Path="Punto3/Punto3.csproj" Id="7f2d98c1-694e-41ea-af5b-1b0351630ac7" />
  <Project Path="Punto4/Punto4.csproj" Id="c8e64352-db3f-4c5a-881d-1fad8da926cf" />
</Solution>
