<Solution>
  <Project Path="Punto1/Punto1.csproj" Id="85a500be-e65a-4c05-beca-2b37ad9d1e3b" />
  <Project Path="Punto2/Punto2.csproj" Id="1071a685-4bbe-435a-9b3f-c9d149d3fb17" />
  <Project Path="Punto3/Punto3.csproj" Id="0d19647b-5f70-48fe-af0c-4afbb76663ed" />
  <Project Path="Punto4/Punto4.csproj" Id="cacf48cd-67f5-4e45-beef-1272d50e37d7" />
</Solution>
