<Solution>
  <Project Path="Punto1/Punto1.csproj" Id="21ff58f0-f54b-4be4-a728-1993d3937d99" />
  <Project Path="Punto2/Punto2.csproj" Id="03e398d6-abda-4703-add8-0adb91186d48" />
  <Project Path="Punto3/Punto3.csproj" Id="a915fe13-8242-415c-8953-dcc0a15ac4c2" />
  <Project Path="Punto4/Punto4.csproj" Id="4cfc7fdd-0312-4ba6-96f0-0c620d3a1c1d" />
</Solution>
